
Microsoft Visual Studio Solution File, Format Version 12.00
# Visual Studio Version 17
VisualStudioVersion = 17.3.32929.385
MinimumVisualStudioVersion = 10.0.40219.1
Project("{9A19103F-16F7-4668-BE54-9A1E7A4F7556}") = "VendingMachine", "VendingMachine\VendingMachine.csproj", "{49C206D2-9BD2-4B36-B7EE-425E9F4950AD}"
EndProject
Project("{9A19103F-16F7-4668-BE54-9A1E7A4F7556}") = "VendingMachine.Tests", "VendingMachine.Tests\VendingMachine.Tests.csproj", "{C2D8EA55-DF1E-403A-9C9C-5AD3238CC92C}"
	ProjectSection(ProjectDependencies) = postProject
		{E669190C-4816-4EB2-866F-666C4847B1B0} = {E669190C-4816-4EB2-866F-666C4847B1B0}
	EndProjectSection
EndProject
Project("{9A19103F-16F7-4668-BE54-9A1E7A4F7556}") = "VendingMachine.Business", "VendingMachine.Business\VendingMachine.Business.csproj", "{E669190C-4816-4EB2-866F-666C4847B1B0}"
EndProject
Project("{FAE04EC0-301F-11D3-BF4B-00C04F79EFBC}") = "VendingMachine.Presentation", "VendingMachine.Presentation\VendingMachine.Presentation.csproj", "{A733F02F-0F1A-4897-BCAA-9DD9FEC6B388}"
EndProject
Project("{FAE04EC0-301F-11D3-BF4B-00C04F79EFBC}") = "VendingMachine.DataAccess", "VendingMachine.DataAccess\VendingMachine.DataAccess.csproj", "{2634E744-23AC-4592-88E2-F3AA8C84879E}"
EndProject
Global
	GlobalSection(SolutionConfigurationPlatforms) = preSolution
		Debug|Any CPU = Debug|Any CPU
		Release|Any CPU = Release|Any CPU
	EndGlobalSection
	GlobalSection(ProjectConfigurationPlatforms) = postSolution
		{49C206D2-9BD2-4B36-B7EE-425E9F4950AD}.Debug|Any CPU.ActiveCfg = Debug|Any CPU
		{49C206D2-9BD2-4B36-B7EE-425E9F4950AD}.Debug|Any CPU.Build.0 = Debug|Any CPU
		{49C206D2-9BD2-4B36-B7EE-425E9F4950AD}.Release|Any CPU.ActiveCfg = Release|Any CPU
		{49C206D2-9BD2-4B36-B7EE-425E9F4950AD}.Release|Any CPU.Build.0 = Release|Any CPU
		{C2D8EA55-DF1E-403A-9C9C-5AD3238CC92C}.Debug|Any CPU.ActiveCfg = Debug|Any CPU
		{C2D8EA55-DF1E-403A-9C9C-5AD3238CC92C}.Debug|Any CPU.Build.0 = Debug|Any CPU
		{C2D8EA55-DF1E-403A-9C9C-5AD3238CC92C}.Release|Any CPU.ActiveCfg = Release|Any CPU
		{C2D8EA55-DF1E-403A-9C9C-5AD3238CC92C}.Release|Any CPU.Build.0 = Release|Any CPU
		{E669190C-4816-4EB2-866F-666C4847B1B0}.Debug|Any CPU.ActiveCfg = Debug|Any CPU
		{E669190C-4816-4EB2-866F-666C4847B1B0}.Debug|Any CPU.Build.0 = Debug|Any CPU
		{E669190C-4816-4EB2-866F-666C4847B1B0}.Release|Any CPU.ActiveCfg = Release|Any CPU
		{E669190C-4816-4EB2-866F-666C4847B1B0}.Release|Any CPU.Build.0 = Release|Any CPU
		{A733F02F-0F1A-4897-BCAA-9DD9FEC6B388}.Debug|Any CPU.ActiveCfg = Debug|Any CPU
		{A733F02F-0F1A-4897-BCAA-9DD9FEC6B388}.Debug|Any CPU.Build.0 = Debug|Any CPU
		{A733F02F-0F1A-4897-BCAA-9DD9FEC6B388}.Release|Any CPU.ActiveCfg = Release|Any CPU
		{A733F02F-0F1A-4897-BCAA-9DD9FEC6B388}.Release|Any CPU.Build.0 = Release|Any CPU
		{2634E744-23AC-4592-88E2-F3AA8C84879E}.Debug|Any CPU.ActiveCfg = Debug|Any CPU
		{2634E744-23AC-4592-88E2-F3AA8C84879E}.Debug|Any CPU.Build.0 = Debug|Any CPU
		{2634E744-23AC-4592-88E2-F3AA8C84879E}.Release|Any CPU.ActiveCfg = Release|Any CPU
		{2634E744-23AC-4592-88E2-F3AA8C84879E}.Release|Any CPU.Build.0 = Release|Any CPU
	EndGlobalSection
	GlobalSection(SolutionProperties) = preSolution
		HideSolutionNode = FALSE
	EndGlobalSection
	GlobalSection(ExtensibilityGlobals) = postSolution
		SolutionGuid = {DD6CC379-E216-49BF-B008-5AF6ECC608B3}
	EndGlobalSection
EndGlobal
